
Microsoft Visual Studio Solution File, Format Version 12.00
# Visual Studio 15
VisualStudioVersion = 15.0.28010.2046
MinimumVisualStudioVersion = 10.0.40219.1
Project("{FAE04EC0-301F-11D3-BF4B-00C04F79EFBC}") = "QueryLibrary", "QueryLibrary\QueryLibrary.csproj", "{CEEAD099-FCB6-4F6A-828D-9A66960F501D}"
EndProject
Global
	GlobalSection(SolutionConfigurationPlatforms) = preSolution
		Debug|Any CPU = Debug|Any CPU
		Release|Any CPU = Release|Any CPU
	EndGlobalSection
	GlobalSection(ProjectConfigurationPlatforms) = postSolution
		{CEEAD099-FCB6-4F6A-828D-9A66960F501D}.Debug|Any CPU.ActiveCfg = Debug|Any CPU
		{CEEAD099-FCB6-4F6A-828D-9A66960F501D}.Debug|Any CPU.Build.0 = Debug|Any CPU
		{CEEAD099-FCB6-4F6A-828D-9A66960F501D}.Release|Any CPU.ActiveCfg = Release|Any CPU
		{CEEAD099-FCB6-4F6A-828D-9A66960F501D}.Release|Any CPU.Build.0 = Release|Any CPU
	EndGlobalSection
	GlobalSection(SolutionProperties) = preSolution
		HideSolutionNode = FALSE
	EndGlobalSection
	GlobalSection(ExtensibilityGlobals) = postSolution
		SolutionGuid = {C7C17669-15C3-4CE6-8D39-F25D1A693AF4}
	EndGlobalSection
EndGlobal
